// !$*UTF8*$!
{
	archiveVersion = 1;
	classes = {
	};
	objectVersion = 46;
	objects = {

/* Begin PBXBuildFile section */
		602A809B1F1DEED40045D5D0 /* Helpers.swift in Sources */ = {isa = PBXBuildFile; fileRef = 602A809A1F1DEED40045D5D0 /* Helpers.swift */; };
		602A809C1F1DEED40045D5D0 /* Helpers.swift in Sources */ = {isa = PBXBuildFile; fileRef = 602A809A1F1DEED40045D5D0 /* Helpers.swift */; };
		6069ED0A1F1DDCA4000816DD /* NotificationCenterHandler.swift in Sources */ = {isa = PBXBuildFile; fileRef = 6069ED091F1DDCA4000816DD /* NotificationCenterHandler.swift */; };
		6069ED0B1F1DDCA4000816DD /* NotificationCenterHandler.swift in Sources */ = {isa = PBXBuildFile; fileRef = 6069ED091F1DDCA4000816DD /* NotificationCenterHandler.swift */; };
		607FE6FD1F1C7D600047E03D /* AppDelegate.swift in Sources */ = {isa = PBXBuildFile; fileRef = 607FE6FC1F1C7D600047E03D /* AppDelegate.swift */; };
		607FE6FF1F1C7D600047E03D /* ViewControllerA.swift in Sources */ = {isa = PBXBuildFile; fileRef = 607FE6FE1F1C7D600047E03D /* ViewControllerA.swift */; };
		607FE7021F1C7D600047E03D /* Main.storyboard in Resources */ = {isa = PBXBuildFile; fileRef = 607FE7001F1C7D600047E03D /* Main.storyboard */; };
		607FE7051F1C7D600047E03D /* NotificationHandler.xcdatamodeld in Sources */ = {isa = PBXBuildFile; fileRef = 607FE7031F1C7D600047E03D /* NotificationHandler.xcdatamodeld */; };
		607FE7071F1C7D600047E03D /* Assets.xcassets in Resources */ = {isa = PBXBuildFile; fileRef = 607FE7061F1C7D600047E03D /* Assets.xcassets */; };
		607FE7151F1C7D600047E03D /* NotificationHandlerTests.swift in Sources */ = {isa = PBXBuildFile; fileRef = 607FE7141F1C7D600047E03D /* NotificationHandlerTests.swift */; };
		607FE7201F1C7E0F0047E03D /* ViewControllerB.swift in Sources */ = {isa = PBXBuildFile; fileRef = 607FE71F1F1C7E0F0047E03D /* ViewControllerB.swift */; };
		607FE7221F1C7E3F0047E03D /* ViewControllerC.swift in Sources */ = {isa = PBXBuildFile; fileRef = 607FE7211F1C7E3F0047E03D /* ViewControllerC.swift */; };
		607FE7241F1C866F0047E03D /* ViewControllerD.swift in Sources */ = {isa = PBXBuildFile; fileRef = 607FE7231F1C866F0047E03D /* ViewControllerD.swift */; };
		607FE7291F1C96530047E03D /* ViewControllerA.swift in Sources */ = {isa = PBXBuildFile; fileRef = 607FE6FE1F1C7D600047E03D /* ViewControllerA.swift */; };
		607FE72A1F1C96530047E03D /* ViewControllerB.swift in Sources */ = {isa = PBXBuildFile; fileRef = 607FE71F1F1C7E0F0047E03D /* ViewControllerB.swift */; };
		607FE72B1F1C96530047E03D /* ViewControllerC.swift in Sources */ = {isa = PBXBuildFile; fileRef = 607FE7211F1C7E3F0047E03D /* ViewControllerC.swift */; };
		607FE72C1F1C96530047E03D /* NotificationHandler.xcdatamodeld in Sources */ = {isa = PBXBuildFile; fileRef = 607FE7031F1C7D600047E03D /* NotificationHandler.xcdatamodeld */; };
		607FE72D1F1C96530047E03D /* AppDelegate.swift in Sources */ = {isa = PBXBuildFile; fileRef = 607FE6FC1F1C7D600047E03D /* AppDelegate.swift */; };
		607FE72E1F1C96530047E03D /* ViewControllerD.swift in Sources */ = {isa = PBXBuildFile; fileRef = 607FE7231F1C866F0047E03D /* ViewControllerD.swift */; };
		607FE7301F1C96530047E03D /* Pods_NotificationHandler.framework in Frameworks */ = {isa = PBXBuildFile; fileRef = 090BF01284592BB8F74F3586 /* Pods_NotificationHandler.framework */; };
		607FE7331F1C96530047E03D /* Assets.xcassets in Resources */ = {isa = PBXBuildFile; fileRef = 607FE7061F1C7D600047E03D /* Assets.xcassets */; };
		607FE7341F1C96530047E03D /* Main.storyboard in Resources */ = {isa = PBXBuildFile; fileRef = 607FE7001F1C7D600047E03D /* Main.storyboard */; };
		607FE7411F1CC9890047E03D /* GoogleService-Info.plist in Resources */ = {isa = PBXBuildFile; fileRef = 607FE7401F1CC9890047E03D /* GoogleService-Info.plist */; };
		607FE7421F1CC9890047E03D /* GoogleService-Info.plist in Resources */ = {isa = PBXBuildFile; fileRef = 607FE7401F1CC9890047E03D /* GoogleService-Info.plist */; };
		607FE7441F1CE0520047E03D /* UserNotifications.framework in Frameworks */ = {isa = PBXBuildFile; fileRef = 607FE7431F1CE0520047E03D /* UserNotifications.framework */; };
		DFC1A894AFA267C77BA536FA /* Pods_NotificationHandler_stg.framework in Frameworks */ = {isa = PBXBuildFile; fileRef = DA472342965D184C8A7B384D /* Pods_NotificationHandler_stg.framework */; };
		F3827079555A40DC6A02FB27 /* Pods_NotificationHandler.framework in Frameworks */ = {isa = PBXBuildFile; fileRef = 090BF01284592BB8F74F3586 /* Pods_NotificationHandler.framework */; };
		FCC490BE68FB4460F97F5151 /* Pods_NotificationHandlerTests.framework in Frameworks */ = {isa = PBXBuildFile; fileRef = F8890D059AE01552E3AE1D57 /* Pods_NotificationHandlerTests.framework */; };
/* End PBXBuildFile section */

/* Begin PBXContainerItemProxy section */
		607FE7111F1C7D600047E03D /* PBXContainerItemProxy */ = {
			isa = PBXContainerItemProxy;
			containerPortal = 607FE6F11F1C7D600047E03D /* Project object */;
			proxyType = 1;
			remoteGlobalIDString = 607FE6F81F1C7D600047E03D;
			remoteInfo = NotificationHandler;
		};
/* End PBXContainerItemProxy section */

/* Begin PBXFileReference section */
		022C6FF6EEB9548B3BCAFA29 /* Pods-NotificationHandlerTests.release.xcconfig */ = {isa = PBXFileReference; includeInIndex = 1; lastKnownFileType = text.xcconfig; name = "Pods-NotificationHandlerTests.release.xcconfig"; path = "Pods/Target Support Files/Pods-NotificationHandlerTests/Pods-NotificationHandlerTests.release.xcconfig"; sourceTree = "<group>"; };
		090BF01284592BB8F74F3586 /* Pods_NotificationHandler.framework */ = {isa = PBXFileReference; explicitFileType = wrapper.framework; includeInIndex = 0; path = Pods_NotificationHandler.framework; sourceTree = BUILT_PRODUCTS_DIR; };
		3D4EF7F535547F0327BE6BA6 /* Pods-NotificationHandler.debug.xcconfig */ = {isa = PBXFileReference; includeInIndex = 1; lastKnownFileType = text.xcconfig; name = "Pods-NotificationHandler.debug.xcconfig"; path = "Pods/Target Support Files/Pods-NotificationHandler/Pods-NotificationHandler.debug.xcconfig"; sourceTree = "<group>"; };
		4BB1B0B53BBBBBEE63F87512 /* Pods-NotificationHandler stg.release.xcconfig */ = {isa = PBXFileReference; includeInIndex = 1; lastKnownFileType = text.xcconfig; name = "Pods-NotificationHandler stg.release.xcconfig"; path = "Pods/Target Support Files/Pods-NotificationHandler stg/Pods-NotificationHandler stg.release.xcconfig"; sourceTree = "<group>"; };
		602A809A1F1DEED40045D5D0 /* Helpers.swift */ = {isa = PBXFileReference; fileEncoding = 4; lastKnownFileType = sourcecode.swift; path = Helpers.swift; sourceTree = "<group>"; };
		6069ED091F1DDCA4000816DD /* NotificationCenterHandler.swift */ = {isa = PBXFileReference; fileEncoding = 4; lastKnownFileType = sourcecode.swift; path = NotificationCenterHandler.swift; sourceTree = "<group>"; };
		607FE6F91F1C7D600047E03D /* NotificationHandler.app */ = {isa = PBXFileReference; explicitFileType = wrapper.application; includeInIndex = 0; path = NotificationHandler.app; sourceTree = BUILT_PRODUCTS_DIR; };
		607FE6FC1F1C7D600047E03D /* AppDelegate.swift */ = {isa = PBXFileReference; lastKnownFileType = sourcecode.swift; path = AppDelegate.swift; sourceTree = "<group>"; };
		607FE6FE1F1C7D600047E03D /* ViewControllerA.swift */ = {isa = PBXFileReference; lastKnownFileType = sourcecode.swift; path = ViewControllerA.swift; sourceTree = "<group>"; };
		607FE7011F1C7D600047E03D /* Base */ = {isa = PBXFileReference; lastKnownFileType = file.storyboard; name = Base; path = Base.lproj/Main.storyboard; sourceTree = "<group>"; };
		607FE7041F1C7D600047E03D /* NotificationHandler.xcdatamodel */ = {isa = PBXFileReference; lastKnownFileType = wrapper.xcdatamodel; path = NotificationHandler.xcdatamodel; sourceTree = "<group>"; };
		607FE7061F1C7D600047E03D /* Assets.xcassets */ = {isa = PBXFileReference; lastKnownFileType = folder.assetcatalog; path = Assets.xcassets; sourceTree = "<group>"; };
		607FE70B1F1C7D600047E03D /* Info.plist */ = {isa = PBXFileReference; lastKnownFileType = text.plist.xml; path = Info.plist; sourceTree = "<group>"; };
		607FE7101F1C7D600047E03D /* NotificationHandlerTests.xctest */ = {isa = PBXFileReference; explicitFileType = wrapper.cfbundle; includeInIndex = 0; path = NotificationHandlerTests.xctest; sourceTree = BUILT_PRODUCTS_DIR; };
		607FE7141F1C7D600047E03D /* NotificationHandlerTests.swift */ = {isa = PBXFileReference; lastKnownFileType = sourcecode.swift; path = NotificationHandlerTests.swift; sourceTree = "<group>"; };
		607FE7161F1C7D600047E03D /* Info.plist */ = {isa = PBXFileReference; lastKnownFileType = text.plist.xml; path = Info.plist; sourceTree = "<group>"; };
		607FE71F1F1C7E0F0047E03D /* ViewControllerB.swift */ = {isa = PBXFileReference; fileEncoding = 4; lastKnownFileType = sourcecode.swift; path = ViewControllerB.swift; sourceTree = "<group>"; };
		607FE7211F1C7E3F0047E03D /* ViewControllerC.swift */ = {isa = PBXFileReference; fileEncoding = 4; lastKnownFileType = sourcecode.swift; path = ViewControllerC.swift; sourceTree = "<group>"; };
		607FE7231F1C866F0047E03D /* ViewControllerD.swift */ = {isa = PBXFileReference; fileEncoding = 4; lastKnownFileType = sourcecode.swift; path = ViewControllerD.swift; sourceTree = "<group>"; };
		607FE7251F1C91D70047E03D /* NotificationHandler.entitlements */ = {isa = PBXFileReference; lastKnownFileType = text.plist.entitlements; path = NotificationHandler.entitlements; sourceTree = "<group>"; };
		607FE73A1F1C96530047E03D /* NotificationHandler stg.app */ = {isa = PBXFileReference; explicitFileType = wrapper.application; includeInIndex = 0; path = "NotificationHandler stg.app"; sourceTree = BUILT_PRODUCTS_DIR; };
		607FE73B1F1C96540047E03D /* NotificationHandler copy-Info.plist */ = {isa = PBXFileReference; lastKnownFileType = text.plist.xml; name = "NotificationHandler copy-Info.plist"; path = "/Users/amirhossein/Dropbox/XcodeProjects/NotificationHandler/NotificationHandler copy-Info.plist"; sourceTree = "<absolute>"; };
		607FE7401F1CC9890047E03D /* GoogleService-Info.plist */ = {isa = PBXFileReference; fileEncoding = 4; lastKnownFileType = text.plist.xml; path = "GoogleService-Info.plist"; sourceTree = "<group>"; };
		607FE7431F1CE0520047E03D /* UserNotifications.framework */ = {isa = PBXFileReference; lastKnownFileType = wrapper.framework; name = UserNotifications.framework; path = System/Library/Frameworks/UserNotifications.framework; sourceTree = SDKROOT; };
		6B29D2B77A35862CE79FBC5E /* Pods-NotificationHandler stg.debug.xcconfig */ = {isa = PBXFileReference; includeInIndex = 1; lastKnownFileType = text.xcconfig; name = "Pods-NotificationHandler stg.debug.xcconfig"; path = "Pods/Target Support Files/Pods-NotificationHandler stg/Pods-NotificationHandler stg.debug.xcconfig"; sourceTree = "<group>"; };
		84EDECD5D04BE216B4A44A92 /* Pods-NotificationHandlerTests.debug.xcconfig */ = {isa = PBXFileReference; includeInIndex = 1; lastKnownFileType = text.xcconfig; name = "Pods-NotificationHandlerTests.debug.xcconfig"; path = "Pods/Target Support Files/Pods-NotificationHandlerTests/Pods-NotificationHandlerTests.debug.xcconfig"; sourceTree = "<group>"; };
		D3EB496AA75EA067FD273CDB /* Pods-NotificationHandler.release.xcconfig */ = {isa = PBXFileReference; includeInIndex = 1; lastKnownFileType = text.xcconfig; name = "Pods-NotificationHandler.release.xcconfig"; path = "Pods/Target Support Files/Pods-NotificationHandler/Pods-NotificationHandler.release.xcconfig"; sourceTree = "<group>"; };
		DA472342965D184C8A7B384D /* Pods_NotificationHandler_stg.framework */ = {isa = PBXFileReference; explicitFileType = wrapper.framework; includeInIndex = 0; path = Pods_NotificationHandler_stg.framework; sourceTree = BUILT_PRODUCTS_DIR; };
		F8890D059AE01552E3AE1D57 /* Pods_NotificationHandlerTests.framework */ = {isa = PBXFileReference; explicitFileType = wrapper.framework; includeInIndex = 0; path = Pods_NotificationHandlerTests.framework; sourceTree = BUILT_PRODUCTS_DIR; };
/* End PBXFileReference section */

/* Begin PBXFrameworksBuildPhase section */
		607FE6F61F1C7D600047E03D /* Frameworks */ = {
			isa = PBXFrameworksBuildPhase;
			buildActionMask = 2147483647;
			files = (
				607FE7441F1CE0520047E03D /* UserNotifications.framework in Frameworks */,
				F3827079555A40DC6A02FB27 /* Pods_NotificationHandler.framework in Frameworks */,
			);
			runOnlyForDeploymentPostprocessing = 0;
		};
		607FE70D1F1C7D600047E03D /* Frameworks */ = {
			isa = PBXFrameworksBuildPhase;
			buildActionMask = 2147483647;
			files = (
				FCC490BE68FB4460F97F5151 /* Pods_NotificationHandlerTests.framework in Frameworks */,
			);
			runOnlyForDeploymentPostprocessing = 0;
		};
		607FE72F1F1C96530047E03D /* Frameworks */ = {
			isa = PBXFrameworksBuildPhase;
			buildActionMask = 2147483647;
			files = (
				607FE7301F1C96530047E03D /* Pods_NotificationHandler.framework in Frameworks */,
				DFC1A894AFA267C77BA536FA /* Pods_NotificationHandler_stg.framework in Frameworks */,
			);
			runOnlyForDeploymentPostprocessing = 0;
		};
/* End PBXFrameworksBuildPhase section */

/* Begin PBXGroup section */
		32B57AC95F9574841EF25970 /* Pods */ = {
			isa = PBXGroup;
			children = (
				3D4EF7F535547F0327BE6BA6 /* Pods-NotificationHandler.debug.xcconfig */,
				D3EB496AA75EA067FD273CDB /* Pods-NotificationHandler.release.xcconfig */,
				84EDECD5D04BE216B4A44A92 /* Pods-NotificationHandlerTests.debug.xcconfig */,
				022C6FF6EEB9548B3BCAFA29 /* Pods-NotificationHandlerTests.release.xcconfig */,
				6B29D2B77A35862CE79FBC5E /* Pods-NotificationHandler stg.debug.xcconfig */,
				4BB1B0B53BBBBBEE63F87512 /* Pods-NotificationHandler stg.release.xcconfig */,
			);
			name = Pods;
			sourceTree = "<group>";
		};
		607FE6F01F1C7D600047E03D = {
			isa = PBXGroup;
			children = (
				607FE6FB1F1C7D600047E03D /* NotificationHandler */,
				607FE7131F1C7D600047E03D /* NotificationHandlerTests */,
				607FE6FA1F1C7D600047E03D /* Products */,
				32B57AC95F9574841EF25970 /* Pods */,
				D6F23EBB124DDDBFDF8A3927 /* Frameworks */,
				607FE73B1F1C96540047E03D /* NotificationHandler copy-Info.plist */,
			);
			sourceTree = "<group>";
		};
		607FE6FA1F1C7D600047E03D /* Products */ = {
			isa = PBXGroup;
			children = (
				607FE6F91F1C7D600047E03D /* NotificationHandler.app */,
				607FE7101F1C7D600047E03D /* NotificationHandlerTests.xctest */,
				607FE73A1F1C96530047E03D /* NotificationHandler stg.app */,
			);
			name = Products;
			sourceTree = "<group>";
		};
		607FE6FB1F1C7D600047E03D /* NotificationHandler */ = {
			isa = PBXGroup;
			children = (
				607FE7251F1C91D70047E03D /* NotificationHandler.entitlements */,
				607FE6FC1F1C7D600047E03D /* AppDelegate.swift */,
				607FE6FE1F1C7D600047E03D /* ViewControllerA.swift */,
				607FE71F1F1C7E0F0047E03D /* ViewControllerB.swift */,
				607FE7211F1C7E3F0047E03D /* ViewControllerC.swift */,
				607FE7231F1C866F0047E03D /* ViewControllerD.swift */,
				6069ED091F1DDCA4000816DD /* NotificationCenterHandler.swift */,
				602A809A1F1DEED40045D5D0 /* Helpers.swift */,
				607FE7001F1C7D600047E03D /* Main.storyboard */,
				607FE7061F1C7D600047E03D /* Assets.xcassets */,
				607FE70B1F1C7D600047E03D /* Info.plist */,
				607FE7401F1CC9890047E03D /* GoogleService-Info.plist */,
				607FE7031F1C7D600047E03D /* NotificationHandler.xcdatamodeld */,
			);
			path = NotificationHandler;
			sourceTree = "<group>";
		};
		607FE7131F1C7D600047E03D /* NotificationHandlerTests */ = {
			isa = PBXGroup;
			children = (
				607FE7141F1C7D600047E03D /* NotificationHandlerTests.swift */,
				607FE7161F1C7D600047E03D /* Info.plist */,
			);
			path = NotificationHandlerTests;
			sourceTree = "<group>";
		};
		D6F23EBB124DDDBFDF8A3927 /* Frameworks */ = {
			isa = PBXGroup;
			children = (
				607FE7431F1CE0520047E03D /* UserNotifications.framework */,
				090BF01284592BB8F74F3586 /* Pods_NotificationHandler.framework */,
				F8890D059AE01552E3AE1D57 /* Pods_NotificationHandlerTests.framework */,
				DA472342965D184C8A7B384D /* Pods_NotificationHandler_stg.framework */,
			);
			name = Frameworks;
			sourceTree = "<group>";
		};
/* End PBXGroup section */

/* Begin PBXNativeTarget section */
		607FE6F81F1C7D600047E03D /* NotificationHandler */ = {
			isa = PBXNativeTarget;
			buildConfigurationList = 607FE7191F1C7D600047E03D /* Build configuration list for PBXNativeTarget "NotificationHandler" */;
			buildPhases = (
				65143559A8FA10BB3B4AED31 /* [CP] Check Pods Manifest.lock */,
				607FE6F51F1C7D600047E03D /* Sources */,
				607FE6F61F1C7D600047E03D /* Frameworks */,
				607FE6F71F1C7D600047E03D /* Resources */,
				1C8730B132A8A83E0EB4DCBC /* [CP] Embed Pods Frameworks */,
				07633CA62BB4C61C8A36184C /* [CP] Copy Pods Resources */,
			);
			buildRules = (
			);
			dependencies = (
			);
			name = NotificationHandler;
			productName = NotificationHandler;
			productReference = 607FE6F91F1C7D600047E03D /* NotificationHandler.app */;
			productType = "com.apple.product-type.application";
		};
		607FE70F1F1C7D600047E03D /* NotificationHandlerTests */ = {
			isa = PBXNativeTarget;
			buildConfigurationList = 607FE71C1F1C7D600047E03D /* Build configuration list for PBXNativeTarget "NotificationHandlerTests" */;
			buildPhases = (
				2787D468E904829A04BF029D /* [CP] Check Pods Manifest.lock */,
				607FE70C1F1C7D600047E03D /* Sources */,
				607FE70D1F1C7D600047E03D /* Frameworks */,
				607FE70E1F1C7D600047E03D /* Resources */,
				AF8D059A9CE1AA8BBFC22BA8 /* [CP] Embed Pods Frameworks */,
				FDB77DEF77D112F3637ACC26 /* [CP] Copy Pods Resources */,
			);
			buildRules = (
			);
			dependencies = (
				607FE7121F1C7D600047E03D /* PBXTargetDependency */,
			);
			name = NotificationHandlerTests;
			productName = NotificationHandlerTests;
			productReference = 607FE7101F1C7D600047E03D /* NotificationHandlerTests.xctest */;
			productType = "com.apple.product-type.bundle.unit-test";
		};
		607FE7261F1C96530047E03D /* NotificationHandler stg */ = {
			isa = PBXNativeTarget;
			buildConfigurationList = 607FE7371F1C96530047E03D /* Build configuration list for PBXNativeTarget "NotificationHandler stg" */;
			buildPhases = (
				607FE7271F1C96530047E03D /* [CP] Check Pods Manifest.lock */,
				607FE7281F1C96530047E03D /* Sources */,
				607FE72F1F1C96530047E03D /* Frameworks */,
				607FE7311F1C96530047E03D /* Resources */,
				607FE7351F1C96530047E03D /* [CP] Embed Pods Frameworks */,
				607FE7361F1C96530047E03D /* [CP] Copy Pods Resources */,
			);
			buildRules = (
			);
			dependencies = (
			);
			name = "NotificationHandler stg";
			productName = NotificationHandler;
			productReference = 607FE73A1F1C96530047E03D /* NotificationHandler stg.app */;
			productType = "com.apple.product-type.application";
		};
/* End PBXNativeTarget section */

/* Begin PBXProject section */
		607FE6F11F1C7D600047E03D /* Project object */ = {
			isa = PBXProject;
			attributes = {
				LastSwiftUpdateCheck = 0830;
				LastUpgradeCheck = 0830;
				ORGANIZATIONNAME = amirhossein;
				TargetAttributes = {
					607FE6F81F1C7D600047E03D = {
						CreatedOnToolsVersion = 8.3.1;
						DevelopmentTeam = 674895MZDB;
						ProvisioningStyle = Automatic;
						SystemCapabilities = {
							com.apple.Push = {
								enabled = 1;
							};
						};
					};
					607FE70F1F1C7D600047E03D = {
						CreatedOnToolsVersion = 8.3.1;
						DevelopmentTeam = 674895MZDB;
						ProvisioningStyle = Automatic;
						TestTargetID = 607FE6F81F1C7D600047E03D;
					};
					607FE7261F1C96530047E03D = {
						DevelopmentTeam = 674895MZDB;
					};
				};
			};
			buildConfigurationList = 607FE6F41F1C7D600047E03D /* Build configuration list for PBXProject "NotificationHandler" */;
			compatibilityVersion = "Xcode 3.2";
			developmentRegion = English;
			hasScannedForEncodings = 0;
			knownRegions = (
				en,
				Base,
			);
			mainGroup = 607FE6F01F1C7D600047E03D;
			productRefGroup = 607FE6FA1F1C7D600047E03D /* Products */;
			projectDirPath = "";
			projectRoot = "";
			targets = (
				607FE6F81F1C7D600047E03D /* NotificationHandler */,
				607FE7261F1C96530047E03D /* NotificationHandler stg */,
				607FE70F1F1C7D600047E03D /* NotificationHandlerTests */,
			);
		};
/* End PBXProject section */

/* Begin PBXResourcesBuildPhase section */
		607FE6F71F1C7D600047E03D /* Resources */ = {
			isa = PBXResourcesBuildPhase;
			buildActionMask = 2147483647;
			files = (
				607FE7411F1CC9890047E03D /* GoogleService-Info.plist in Resources */,
				607FE7071F1C7D600047E03D /* Assets.xcassets in Resources */,
				607FE7021F1C7D600047E03D /* Main.storyboard in Resources */,
			);
			runOnlyForDeploymentPostprocessing = 0;
		};
		607FE70E1F1C7D600047E03D /* Resources */ = {
			isa = PBXResourcesBuildPhase;
			buildActionMask = 2147483647;
			files = (
			);
			runOnlyForDeploymentPostprocessing = 0;
		};
		607FE7311F1C96530047E03D /* Resources */ = {
			isa = PBXResourcesBuildPhase;
			buildActionMask = 2147483647;
			files = (
				607FE7421F1CC9890047E03D /* GoogleService-Info.plist in Resources */,
				607FE7331F1C96530047E03D /* Assets.xcassets in Resources */,
				607FE7341F1C96530047E03D /* Main.storyboard in Resources */,
			);
			runOnlyForDeploymentPostprocessing = 0;
		};
/* End PBXResourcesBuildPhase section */

/* Begin PBXShellScriptBuildPhase section */
		07633CA62BB4C61C8A36184C /* [CP] Copy Pods Resources */ = {
			isa = PBXShellScriptBuildPhase;
			buildActionMask = 2147483647;
			files = (
			);
			inputPaths = (
				"${SRCROOT}/Pods/Target Support Files/Pods-NotificationHandler/Pods-NotificationHandler-resources.sh",
				$PODS_CONFIGURATION_BUILD_DIR/HockeySDK/HockeySDKResources.bundle,
			);
			name = "[CP] Copy Pods Resources";
			outputPaths = (
				"${TARGET_BUILD_DIR}/${UNLOCALIZED_RESOURCES_FOLDER_PATH}",
			);
			runOnlyForDeploymentPostprocessing = 0;
			shellPath = /bin/sh;
			shellScript = "\"${SRCROOT}/Pods/Target Support Files/Pods-NotificationHandler/Pods-NotificationHandler-resources.sh\"\n";
			showEnvVarsInLog = 0;
		};
		1C8730B132A8A83E0EB4DCBC /* [CP] Embed Pods Frameworks */ = {
			isa = PBXShellScriptBuildPhase;
			buildActionMask = 2147483647;
			files = (
			);
			inputPaths = (
				"${SRCROOT}/Pods/Target Support Files/Pods-NotificationHandler/Pods-NotificationHandler-frameworks.sh",
				"${BUILT_PRODUCTS_DIR}/BRYXBanner/BRYXBanner.framework",
			);
			name = "[CP] Embed Pods Frameworks";
			outputPaths = (
				"${TARGET_BUILD_DIR}/${FRAMEWORKS_FOLDER_PATH}/BRYXBanner.framework",
			);
			runOnlyForDeploymentPostprocessing = 0;
			shellPath = /bin/sh;
			shellScript = "\"${SRCROOT}/Pods/Target Support Files/Pods-NotificationHandler/Pods-NotificationHandler-frameworks.sh\"\n";
			showEnvVarsInLog = 0;
		};
		2787D468E904829A04BF029D /* [CP] Check Pods Manifest.lock */ = {
			isa = PBXShellScriptBuildPhase;
			buildActionMask = 2147483647;
			files = (
			);
			inputPaths = (
				"${PODS_PODFILE_DIR_PATH}/Podfile.lock",
				"${PODS_ROOT}/Manifest.lock",
			);
			name = "[CP] Check Pods Manifest.lock";
			outputPaths = (
				"$(DERIVED_FILE_DIR)/Pods-NotificationHandlerTests-checkManifestLockResult.txt",
			);
			runOnlyForDeploymentPostprocessing = 0;
			shellPath = /bin/sh;
			shellScript = "diff \"${PODS_PODFILE_DIR_PATH}/Podfile.lock\" \"${PODS_ROOT}/Manifest.lock\" > /dev/null\nif [ $? != 0 ] ; then\n    # print error to STDERR\n    echo \"error: The sandbox is not in sync with the Podfile.lock. Run 'pod install' or update your CocoaPods installation.\" >&2\n    exit 1\nfi\n# This output is used by Xcode 'outputs' to avoid re-running this script phase.\necho \"SUCCESS\" > \"${SCRIPT_OUTPUT_FILE_0}\"\n";
			showEnvVarsInLog = 0;
		};
		607FE7271F1C96530047E03D /* [CP] Check Pods Manifest.lock */ = {
			isa = PBXShellScriptBuildPhase;
			buildActionMask = 2147483647;
			files = (
			);
			inputPaths = (
				"${PODS_PODFILE_DIR_PATH}/Podfile.lock",
				"${PODS_ROOT}/Manifest.lock",
			);
			name = "[CP] Check Pods Manifest.lock";
			outputPaths = (
				"$(DERIVED_FILE_DIR)/Pods-NotificationHandler stg-checkManifestLockResult.txt",
			);
			runOnlyForDeploymentPostprocessing = 0;
			shellPath = /bin/sh;
			shellScript = "diff \"${PODS_PODFILE_DIR_PATH}/Podfile.lock\" \"${PODS_ROOT}/Manifest.lock\" > /dev/null\nif [ $? != 0 ] ; then\n    # print error to STDERR\n    echo \"error: The sandbox is not in sync with the Podfile.lock. Run 'pod install' or update your CocoaPods installation.\" >&2\n    exit 1\nfi\n# This output is used by Xcode 'outputs' to avoid re-running this script phase.\necho \"SUCCESS\" > \"${SCRIPT_OUTPUT_FILE_0}\"\n";
			showEnvVarsInLog = 0;
		};
		607FE7351F1C96530047E03D /* [CP] Embed Pods Frameworks */ = {
			isa = PBXShellScriptBuildPhase;
			buildActionMask = 2147483647;
			files = (
			);
			inputPaths = (
				"${SRCROOT}/Pods/Target Support Files/Pods-NotificationHandler stg/Pods-NotificationHandler stg-frameworks.sh",
				"${BUILT_PRODUCTS_DIR}/BRYXBanner/BRYXBanner.framework",
			);
			name = "[CP] Embed Pods Frameworks";
			outputPaths = (
				"${TARGET_BUILD_DIR}/${FRAMEWORKS_FOLDER_PATH}/BRYXBanner.framework",
			);
			runOnlyForDeploymentPostprocessing = 0;
			shellPath = /bin/sh;
			shellScript = "\"${SRCROOT}/Pods/Target Support Files/Pods-NotificationHandler stg/Pods-NotificationHandler stg-frameworks.sh\"\n";
			showEnvVarsInLog = 0;
		};
		607FE7361F1C96530047E03D /* [CP] Copy Pods Resources */ = {
			isa = PBXShellScriptBuildPhase;
			buildActionMask = 2147483647;
			files = (
			);
			inputPaths = (
				"${SRCROOT}/Pods/Target Support Files/Pods-NotificationHandler stg/Pods-NotificationHandler stg-resources.sh",
				$PODS_CONFIGURATION_BUILD_DIR/HockeySDK/HockeySDKResources.bundle,
			);
			name = "[CP] Copy Pods Resources";
			outputPaths = (
				"${TARGET_BUILD_DIR}/${UNLOCALIZED_RESOURCES_FOLDER_PATH}",
			);
			runOnlyForDeploymentPostprocessing = 0;
			shellPath = /bin/sh;
			shellScript = "\"${SRCROOT}/Pods/Target Support Files/Pods-NotificationHandler stg/Pods-NotificationHandler stg-resources.sh\"\n";
			showEnvVarsInLog = 0;
		};
		65143559A8FA10BB3B4AED31 /* [CP] Check Pods Manifest.lock */ = {
			isa = PBXShellScriptBuildPhase;
			buildActionMask = 2147483647;
			files = (
			);
			inputPaths = (
				"${PODS_PODFILE_DIR_PATH}/Podfile.lock",
				"${PODS_ROOT}/Manifest.lock",
			);
			name = "[CP] Check Pods Manifest.lock";
			outputPaths = (
				"$(DERIVED_FILE_DIR)/Pods-NotificationHandler-checkManifestLockResult.txt",
			);
			runOnlyForDeploymentPostprocessing = 0;
			shellPath = /bin/sh;
			shellScript = "diff \"${PODS_PODFILE_DIR_PATH}/Podfile.lock\" \"${PODS_ROOT}/Manifest.lock\" > /dev/null\nif [ $? != 0 ] ; then\n    # print error to STDERR\n    echo \"error: The sandbox is not in sync with the Podfile.lock. Run 'pod install' or update your CocoaPods installation.\" >&2\n    exit 1\nfi\n# This output is used by Xcode 'outputs' to avoid re-running this script phase.\necho \"SUCCESS\" > \"${SCRIPT_OUTPUT_FILE_0}\"\n";
			showEnvVarsInLog = 0;
		};
		AF8D059A9CE1AA8BBFC22BA8 /* [CP] Embed Pods Frameworks */ = {
			isa = PBXShellScriptBuildPhase;
			buildActionMask = 2147483647;
			files = (
			);
			inputPaths = (
			);
			name = "[CP] Embed Pods Frameworks";
			outputPaths = (
			);
			runOnlyForDeploymentPostprocessing = 0;
			shellPath = /bin/sh;
			shellScript = "\"${SRCROOT}/Pods/Target Support Files/Pods-NotificationHandlerTests/Pods-NotificationHandlerTests-frameworks.sh\"\n";
			showEnvVarsInLog = 0;
		};
		FDB77DEF77D112F3637ACC26 /* [CP] Copy Pods Resources */ = {
			isa = PBXShellScriptBuildPhase;
			buildActionMask = 2147483647;
			files = (
			);
			inputPaths = (
			);
			name = "[CP] Copy Pods Resources";
			outputPaths = (
			);
			runOnlyForDeploymentPostprocessing = 0;
			shellPath = /bin/sh;
			shellScript = "\"${SRCROOT}/Pods/Target Support Files/Pods-NotificationHandlerTests/Pods-NotificationHandlerTests-resources.sh\"\n";
			showEnvVarsInLog = 0;
		};
/* End PBXShellScriptBuildPhase section */

/* Begin PBXSourcesBuildPhase section */
		607FE6F51F1C7D600047E03D /* Sources */ = {
			isa = PBXSourcesBuildPhase;
			buildActionMask = 2147483647;
			files = (
				6069ED0A1F1DDCA4000816DD /* NotificationCenterHandler.swift in Sources */,
				607FE6FF1F1C7D600047E03D /* ViewControllerA.swift in Sources */,
				607FE7201F1C7E0F0047E03D /* ViewControllerB.swift in Sources */,
				607FE7221F1C7E3F0047E03D /* ViewControllerC.swift in Sources */,
				607FE7051F1C7D600047E03D /* NotificationHandler.xcdatamodeld in Sources */,
				607FE6FD1F1C7D600047E03D /* AppDelegate.swift in Sources */,
				607FE7241F1C866F0047E03D /* ViewControllerD.swift in Sources */,
				602A809B1F1DEED40045D5D0 /* Helpers.swift in Sources */,
			);
			runOnlyForDeploymentPostprocessing = 0;
		};
		607FE70C1F1C7D600047E03D /* Sources */ = {
			isa = PBXSourcesBuildPhase;
			buildActionMask = 2147483647;
			files = (
				607FE7151F1C7D600047E03D /* NotificationHandlerTests.swift in Sources */,
			);
			runOnlyForDeploymentPostprocessing = 0;
		};
		607FE7281F1C96530047E03D /* Sources */ = {
			isa = PBXSourcesBuildPhase;
			buildActionMask = 2147483647;
			files = (
				607FE7291F1C96530047E03D /* ViewControllerA.swift in Sources */,
				607FE72A1F1C96530047E03D /* ViewControllerB.swift in Sources */,
				607FE72B1F1C96530047E03D /* ViewControllerC.swift in Sources */,
				607FE72C1F1C96530047E03D /* NotificationHandler.xcdatamodeld in Sources */,
				607FE72D1F1C96530047E03D /* AppDelegate.swift in Sources */,
				607FE72E1F1C96530047E03D /* ViewControllerD.swift in Sources */,
				6069ED0B1F1DDCA4000816DD /* NotificationCenterHandler.swift in Sources */,
				602A809C1F1DEED40045D5D0 /* Helpers.swift in Sources */,
			);
			runOnlyForDeploymentPostprocessing = 0;
		};
/* End PBXSourcesBuildPhase section */

/* Begin PBXTargetDependency section */
		607FE7121F1C7D600047E03D /* PBXTargetDependency */ = {
			isa = PBXTargetDependency;
			target = 607FE6F81F1C7D600047E03D /* NotificationHandler */;
			targetProxy = 607FE7111F1C7D600047E03D /* PBXContainerItemProxy */;
		};
/* End PBXTargetDependency section */

/* Begin PBXVariantGroup section */
		607FE7001F1C7D600047E03D /* Main.storyboard */ = {
			isa = PBXVariantGroup;
			children = (
				607FE7011F1C7D600047E03D /* Base */,
			);
			name = Main.storyboard;
			sourceTree = "<group>";
		};
/* End PBXVariantGroup section */

/* Begin XCBuildConfiguration section */
		607FE7171F1C7D600047E03D /* Debug */ = {
			isa = XCBuildConfiguration;
			buildSettings = {
				ALWAYS_SEARCH_USER_PATHS = NO;
				CLANG_ANALYZER_NONNULL = YES;
				CLANG_ANALYZER_NUMBER_OBJECT_CONVERSION = YES_AGGRESSIVE;
				CLANG_CXX_LANGUAGE_STANDARD = "gnu++0x";
				CLANG_CXX_LIBRARY = "libc++";
				CLANG_ENABLE_MODULES = YES;
				CLANG_ENABLE_OBJC_ARC = YES;
				CLANG_WARN_BOOL_CONVERSION = YES;
				CLANG_WARN_CONSTANT_CONVERSION = YES;
				CLANG_WARN_DIRECT_OBJC_ISA_USAGE = YES_ERROR;
				CLANG_WARN_DOCUMENTATION_COMMENTS = YES;
				CLANG_WARN_EMPTY_BODY = YES;
				CLANG_WARN_ENUM_CONVERSION = YES;
				CLANG_WARN_INFINITE_RECURSION = YES;
				CLANG_WARN_INT_CONVERSION = YES;
				CLANG_WARN_OBJC_ROOT_CLASS = YES_ERROR;
				CLANG_WARN_SUSPICIOUS_MOVE = YES;
				CLANG_WARN_UNREACHABLE_CODE = YES;
				CLANG_WARN__DUPLICATE_METHOD_MATCH = YES;
				"CODE_SIGN_IDENTITY[sdk=iphoneos*]" = "iPhone Developer";
				COPY_PHASE_STRIP = NO;
				DEBUG_INFORMATION_FORMAT = dwarf;
				ENABLE_STRICT_OBJC_MSGSEND = YES;
				ENABLE_TESTABILITY = YES;
				GCC_C_LANGUAGE_STANDARD = gnu99;
				GCC_DYNAMIC_NO_PIC = NO;
				GCC_NO_COMMON_BLOCKS = YES;
				GCC_OPTIMIZATION_LEVEL = 0;
				GCC_PREPROCESSOR_DEFINITIONS = (
					"DEBUG=1",
					"$(inherited)",
				);
				GCC_WARN_64_TO_32_BIT_CONVERSION = YES;
				GCC_WARN_ABOUT_RETURN_TYPE = YES_ERROR;
				GCC_WARN_UNDECLARED_SELECTOR = YES;
				GCC_WARN_UNINITIALIZED_AUTOS = YES_AGGRESSIVE;
				GCC_WARN_UNUSED_FUNCTION = YES;
				GCC_WARN_UNUSED_VARIABLE = YES;
				IPHONEOS_DEPLOYMENT_TARGET = 10.3;
				MTL_ENABLE_DEBUG_INFO = YES;
				ONLY_ACTIVE_ARCH = YES;
				SDKROOT = iphoneos;
				SWIFT_ACTIVE_COMPILATION_CONDITIONS = DEBUG;
				SWIFT_OPTIMIZATION_LEVEL = "-Onone";
			};
			name = Debug;
		};
		607FE7181F1C7D600047E03D /* Release */ = {
			isa = XCBuildConfiguration;
			buildSettings = {
				ALWAYS_SEARCH_USER_PATHS = NO;
				CLANG_ANALYZER_NONNULL = YES;
				CLANG_ANALYZER_NUMBER_OBJECT_CONVERSION = YES_AGGRESSIVE;
				CLANG_CXX_LANGUAGE_STANDARD = "gnu++0x";
				CLANG_CXX_LIBRARY = "libc++";
				CLANG_ENABLE_MODULES = YES;
				CLANG_ENABLE_OBJC_ARC = YES;
				CLANG_WARN_BOOL_CONVERSION = YES;
				CLANG_WARN_CONSTANT_CONVERSION = YES;
				CLANG_WARN_DIRECT_OBJC_ISA_USAGE = YES_ERROR;
				CLANG_WARN_DOCUMENTATION_COMMENTS = YES;
				CLANG_WARN_EMPTY_BODY = YES;
				CLANG_WARN_ENUM_CONVERSION = YES;
				CLANG_WARN_INFINITE_RECURSION = YES;
				CLANG_WARN_INT_CONVERSION = YES;
				CLANG_WARN_OBJC_ROOT_CLASS = YES_ERROR;
				CLANG_WARN_SUSPICIOUS_MOVE = YES;
				CLANG_WARN_UNREACHABLE_CODE = YES;
				CLANG_WARN__DUPLICATE_METHOD_MATCH = YES;
				"CODE_SIGN_IDENTITY[sdk=iphoneos*]" = "iPhone Developer";
				COPY_PHASE_STRIP = NO;
				DEBUG_INFORMATION_FORMAT = "dwarf-with-dsym";
				ENABLE_NS_ASSERTIONS = NO;
				ENABLE_STRICT_OBJC_MSGSEND = YES;
				GCC_C_LANGUAGE_STANDARD = gnu99;
				GCC_NO_COMMON_BLOCKS = YES;
				GCC_WARN_64_TO_32_BIT_CONVERSION = YES;
				GCC_WARN_ABOUT_RETURN_TYPE = YES_ERROR;
				GCC_WARN_UNDECLARED_SELECTOR = YES;
				GCC_WARN_UNINITIALIZED_AUTOS = YES_AGGRESSIVE;
				GCC_WARN_UNUSED_FUNCTION = YES;
				GCC_WARN_UNUSED_VARIABLE = YES;
				IPHONEOS_DEPLOYMENT_TARGET = 10.3;
				MTL_ENABLE_DEBUG_INFO = NO;
				SDKROOT = iphoneos;
				SWIFT_OPTIMIZATION_LEVEL = "-Owholemodule";
				VALIDATE_PRODUCT = YES;
			};
			name = Release;
		};
		607FE71A1F1C7D600047E03D /* Debug */ = {
			isa = XCBuildConfiguration;
			baseConfigurationReference = 3D4EF7F535547F0327BE6BA6 /* Pods-NotificationHandler.debug.xcconfig */;
			buildSettings = {
				ASSETCATALOG_COMPILER_APPICON_NAME = AppIcon;
				CODE_SIGN_ENTITLEMENTS = NotificationHandler/NotificationHandler.entitlements;
				DEVELOPMENT_TEAM = 674895MZDB;
				GCC_PREPROCESSOR_DEFINITIONS = (
					"$(inherited)",
					"COCOAPODS=1",
					"DEVELOPMENT=0",
				);
				INFOPLIST_FILE = NotificationHandler/Info.plist;
				LD_RUNPATH_SEARCH_PATHS = "$(inherited) @executable_path/Frameworks";
				ONLY_ACTIVE_ARCH = NO;
				PRODUCT_BUNDLE_IDENTIFIER = com.pooya.NotificationHandler;
				PRODUCT_NAME = "$(TARGET_NAME)";
				SWIFT_VERSION = 3.0;
			};
			name = Debug;
		};
		607FE71B1F1C7D600047E03D /* Release */ = {
			isa = XCBuildConfiguration;
			baseConfigurationReference = D3EB496AA75EA067FD273CDB /* Pods-NotificationHandler.release.xcconfig */;
			buildSettings = {
				ASSETCATALOG_COMPILER_APPICON_NAME = AppIcon;
				CODE_SIGN_ENTITLEMENTS = NotificationHandler/NotificationHandler.entitlements;
				DEVELOPMENT_TEAM = 674895MZDB;
				GCC_PREPROCESSOR_DEFINITIONS = (
					"$(inherited)",
					"COCOAPODS=1",
					"DEVELOPMENT=0",
				);
				INFOPLIST_FILE = NotificationHandler/Info.plist;
				LD_RUNPATH_SEARCH_PATHS = "$(inherited) @executable_path/Frameworks";
				ONLY_ACTIVE_ARCH = YES;
				PRODUCT_BUNDLE_IDENTIFIER = com.pooya.NotificationHandler;
				PRODUCT_NAME = "$(TARGET_NAME)";
				SWIFT_VERSION = 3.0;
			};
			name = Release;
		};
		607FE71D1F1C7D600047E03D /* Debug */ = {
			isa = XCBuildConfiguration;
			baseConfigurationReference = 84EDECD5D04BE216B4A44A92 /* Pods-NotificationHandlerTests.debug.xcconfig */;
			buildSettings = {
				ALWAYS_EMBED_SWIFT_STANDARD_LIBRARIES = YES;
				BUNDLE_LOADER = "$(TEST_HOST)";
				DEVELOPMENT_TEAM = 674895MZDB;
				INFOPLIST_FILE = NotificationHandlerTests/Info.plist;
				LD_RUNPATH_SEARCH_PATHS = "$(inherited) @executable_path/Frameworks @loader_path/Frameworks";
				PRODUCT_BUNDLE_IDENTIFIER = com.pooya.NotificationHandlerTests;
				PRODUCT_NAME = "$(TARGET_NAME)";
				SWIFT_VERSION = 3.0;
				TEST_HOST = "$(BUILT_PRODUCTS_DIR)/NotificationHandler.app/NotificationHandler";
			};
			name = Debug;
		};
		607FE71E1F1C7D600047E03D /* Release */ = {
			isa = XCBuildConfiguration;
			baseConfigurationReference = 022C6FF6EEB9548B3BCAFA29 /* Pods-NotificationHandlerTests.release.xcconfig */;
			buildSettings = {
				ALWAYS_EMBED_SWIFT_STANDARD_LIBRARIES = YES;
				BUNDLE_LOADER = "$(TEST_HOST)";
				DEVELOPMENT_TEAM = 674895MZDB;
				INFOPLIST_FILE = NotificationHandlerTests/Info.plist;
				LD_RUNPATH_SEARCH_PATHS = "$(inherited) @executable_path/Frameworks @loader_path/Frameworks";
				PRODUCT_BUNDLE_IDENTIFIER = com.pooya.NotificationHandlerTests;
				PRODUCT_NAME = "$(TARGET_NAME)";
				SWIFT_VERSION = 3.0;
				TEST_HOST = "$(BUILT_PRODUCTS_DIR)/NotificationHandler.app/NotificationHandler";
			};
			name = Release;
		};
		607FE7381F1C96530047E03D /* Debug */ = {
			isa = XCBuildConfiguration;
			baseConfigurationReference = 6B29D2B77A35862CE79FBC5E /* Pods-NotificationHandler stg.debug.xcconfig */;
			buildSettings = {
				ASSETCATALOG_COMPILER_APPICON_NAME = AppIcon;
				CODE_SIGN_ENTITLEMENTS = NotificationHandler/NotificationHandler.entitlements;
				DEVELOPMENT_TEAM = 674895MZDB;
				GCC_PREPROCESSOR_DEFINITIONS = (
					"$(inherited)",
					"COCOAPODS=1",
					"DEVELOPMENT=1",
				);
				INFOPLIST_FILE = NotificationHandler/Info.plist;
				LD_RUNPATH_SEARCH_PATHS = "$(inherited) @executable_path/Frameworks";
				OTHER_SWIFT_FLAGS = "-DDEVELOPMENT $(inherited)";
				PRODUCT_BUNDLE_IDENTIFIER = com.pooya.NotificationHandler;
				PRODUCT_NAME = "$(TARGET_NAME)";
				SWIFT_ACTIVE_COMPILATION_CONDITIONS = DEBUG;
				SWIFT_VERSION = 3.0;
			};
			name = Debug;
		};
		607FE7391F1C96530047E03D /* Release */ = {
			isa = XCBuildConfiguration;
			baseConfigurationReference = 4BB1B0B53BBBBBEE63F87512 /* Pods-NotificationHandler stg.release.xcconfig */;
			buildSettings = {
				ASSETCATALOG_COMPILER_APPICON_NAME = AppIcon;
				CODE_SIGN_ENTITLEMENTS = NotificationHandler/NotificationHandler.entitlements;
				DEVELOPMENT_TEAM = 674895MZDB;
				GCC_PREPROCESSOR_DEFINITIONS = (
					"$(inherited)",
					"COCOAPODS=1",
					"DEVELOPMENT=1",
				);
				INFOPLIST_FILE = NotificationHandler/Info.plist;
				LD_RUNPATH_SEARCH_PATHS = "$(inherited) @executable_path/Frameworks";
				OTHER_SWIFT_FLAGS = "-DDEVELOPMENT $(inherited)";
				PRODUCT_BUNDLE_IDENTIFIER = com.pooya.NotificationHandler;
				PRODUCT_NAME = "$(TARGET_NAME)";
				SWIFT_ACTIVE_COMPILATION_CONDITIONS = "";
				SWIFT_VERSION = 3.0;
			};
			name = Release;
		};
/* End XCBuildConfiguration section */

/* Begin XCConfigurationList section */
		607FE6F41F1C7D600047E03D /* Build configuration list for PBXProject "NotificationHandler" */ = {
			isa = XCConfigurationList;
			buildConfigurations = (
				607FE7171F1C7D600047E03D /* Debug */,
				607FE7181F1C7D600047E03D /* Release */,
			);
			defaultConfigurationIsVisible = 0;
			defaultConfigurationName = Release;
		};
		607FE7191F1C7D600047E03D /* Build configuration list for PBXNativeTarget "NotificationHandler" */ = {
			isa = XCConfigurationList;
			buildConfigurations = (
				607FE71A1F1C7D600047E03D /* Debug */,
				607FE71B1F1C7D600047E03D /* Release */,
			);
			defaultConfigurationIsVisible = 0;
			defaultConfigurationName = Release;
		};
		607FE71C1F1C7D600047E03D /* Build configuration list for PBXNativeTarget "NotificationHandlerTests" */ = {
			isa = XCConfigurationList;
			buildConfigurations = (
				607FE71D1F1C7D600047E03D /* Debug */,
				607FE71E1F1C7D600047E03D /* Release */,
			);
			defaultConfigurationIsVisible = 0;
			defaultConfigurationName = Release;
		};
		607FE7371F1C96530047E03D /* Build configuration list for PBXNativeTarget "NotificationHandler stg" */ = {
			isa = XCConfigurationList;
			buildConfigurations = (
				607FE7381F1C96530047E03D /* Debug */,
				607FE7391F1C96530047E03D /* Release */,
			);
			defaultConfigurationIsVisible = 0;
			defaultConfigurationName = Release;
		};
/* End XCConfigurationList section */

/* Begin XCVersionGroup section */
		607FE7031F1C7D600047E03D /* NotificationHandler.xcdatamodeld */ = {
			isa = XCVersionGroup;
			children = (
				607FE7041F1C7D600047E03D /* NotificationHandler.xcdatamodel */,
			);
			currentVersion = 607FE7041F1C7D600047E03D /* NotificationHandler.xcdatamodel */;
			path = NotificationHandler.xcdatamodeld;
			sourceTree = "<group>";
			versionGroupType = wrapper.xcdatamodel;
		};
/* End XCVersionGroup section */
	};
	rootObject = 607FE6F11F1C7D600047E03D /* Project object */;
}
